
Microsoft Visual Studio Solution File, Format Version 12.00
# Visual Studio Version 17
VisualStudioVersion = 17.12.35527.113 d17.12
MinimumVisualStudioVersion = 10.0.40219.1
Project("{8BC9CEB8-8B4A-11D0-8D11-00A0C91BC942}") = "Exercici M03UF3 - 2- Alexandre Fernandez- Jose Argueso", "Exercici M03UF3 - 2- Alexandre Fernandez- Jose Argueso\Exercici M03UF3 - 2- Alexandre Fernandez- Jose Argueso.vcxproj", "{7C74C890-9E55-47E9-B032-7BF2E683EB46}"
EndProject
Global
	GlobalSection(SolutionConfigurationPlatforms) = preSolution
		Debug|x64 = Debug|x64
		Debug|x86 = Debug|x86
		Release|x64 = Release|x64
		Release|x86 = Release|x86
	EndGlobalSection
	GlobalSection(ProjectConfigurationPlatforms) = postSolution
		{7C74C890-9E55-47E9-B032-7BF2E683EB46}.Debug|x64.ActiveCfg = Debug|x64
		{7C74C890-9E55-47E9-B032-7BF2E683EB46}.Debug|x64.Build.0 = Debug|x64
		{7C74C890-9E55-47E9-B032-7BF2E683EB46}.Debug|x86.ActiveCfg = Debug|Win32
		{7C74C890-9E55-47E9-B032-7BF2E683EB46}.Debug|x86.Build.0 = Debug|Win32
		{7C74C890-9E55-47E9-B032-7BF2E683EB46}.Release|x64.ActiveCfg = Release|x64
		{7C74C890-9E55-47E9-B032-7BF2E683EB46}.Release|x64.Build.0 = Release|x64
		{7C74C890-9E55-47E9-B032-7BF2E683EB46}.Release|x86.ActiveCfg = Release|Win32
		{7C74C890-9E55-47E9-B032-7BF2E683EB46}.Release|x86.Build.0 = Release|Win32
	EndGlobalSection
	GlobalSection(SolutionProperties) = preSolution
		HideSolutionNode = FALSE
	EndGlobalSection
EndGlobal
